
Microsoft Visual Studio Solution File, Format Version 12.00
# Visual Studio Version 16
VisualStudioVersion = 16.0.29728.190
MinimumVisualStudioVersion = 10.0.40219.1
Project("{9A19103F-16F7-4668-BE54-9A1E7A4F7556}") = "IntroToWPF", "IntroToWPF\IntroToWPF.csproj", "{660312C1-D4DF-4A0B-A829-F9BE6D918529}"
EndProject
Project("{FAE04EC0-301F-11D3-BF4B-00C04F79EFBC}") = "CSV Example", "CSV Example\CSV Example.csproj", "{C9F93F38-595A-4005-99EB-D64B06B429B2}"
EndProject
Project("{FAE04EC0-301F-11D3-BF4B-00C04F79EFBC}") = "JSON_RickAndMorty", "JSON_RickAndMorty\JSON_RickAndMorty.csproj", "{BAD6B8C8-24E3-46F1-9702-CA8C18847680}"
EndProject
Project("{FAE04EC0-301F-11D3-BF4B-00C04F79EFBC}") = "MVC_Example", "MVC_Example\MVC_Example.csproj", "{41C7E145-19D5-4459-87CD-89AE8F8DCF91}"
EndProject
Global
	GlobalSection(SolutionConfigurationPlatforms) = preSolution
		Debug|Any CPU = Debug|Any CPU
		Release|Any CPU = Release|Any CPU
	EndGlobalSection
	GlobalSection(ProjectConfigurationPlatforms) = postSolution
		{660312C1-D4DF-4A0B-A829-F9BE6D918529}.Debug|Any CPU.ActiveCfg = Debug|Any CPU
		{660312C1-D4DF-4A0B-A829-F9BE6D918529}.Debug|Any CPU.Build.0 = Debug|Any CPU
		{660312C1-D4DF-4A0B-A829-F9BE6D918529}.Release|Any CPU.ActiveCfg = Release|Any CPU
		{660312C1-D4DF-4A0B-A829-F9BE6D918529}.Release|Any CPU.Build.0 = Release|Any CPU
		{C9F93F38-595A-4005-99EB-D64B06B429B2}.Debug|Any CPU.ActiveCfg = Debug|Any CPU
		{C9F93F38-595A-4005-99EB-D64B06B429B2}.Debug|Any CPU.Build.0 = Debug|Any CPU
		{C9F93F38-595A-4005-99EB-D64B06B429B2}.Release|Any CPU.ActiveCfg = Release|Any CPU
		{C9F93F38-595A-4005-99EB-D64B06B429B2}.Release|Any CPU.Build.0 = Release|Any CPU
		{BAD6B8C8-24E3-46F1-9702-CA8C18847680}.Debug|Any CPU.ActiveCfg = Debug|Any CPU
		{BAD6B8C8-24E3-46F1-9702-CA8C18847680}.Debug|Any CPU.Build.0 = Debug|Any CPU
		{BAD6B8C8-24E3-46F1-9702-CA8C18847680}.Release|Any CPU.ActiveCfg = Release|Any CPU
		{BAD6B8C8-24E3-46F1-9702-CA8C18847680}.Release|Any CPU.Build.0 = Release|Any CPU
		{41C7E145-19D5-4459-87CD-89AE8F8DCF91}.Debug|Any CPU.ActiveCfg = Debug|Any CPU
		{41C7E145-19D5-4459-87CD-89AE8F8DCF91}.Debug|Any CPU.Build.0 = Debug|Any CPU
		{41C7E145-19D5-4459-87CD-89AE8F8DCF91}.Release|Any CPU.ActiveCfg = Release|Any CPU
		{41C7E145-19D5-4459-87CD-89AE8F8DCF91}.Release|Any CPU.Build.0 = Release|Any CPU
	EndGlobalSection
	GlobalSection(SolutionProperties) = preSolution
		HideSolutionNode = FALSE
	EndGlobalSection
	GlobalSection(ExtensibilityGlobals) = postSolution
		SolutionGuid = {9E32654A-ACFC-4998-AC47-6C02A6E6F5EC}
	EndGlobalSection
EndGlobal
