
Microsoft Visual Studio Solution File, Format Version 12.00
# Visual Studio Version 16
VisualStudioVersion = 16.0.29728.190
MinimumVisualStudioVersion = 10.0.40219.1
Project("{FAE04EC0-301F-11D3-BF4B-00C04F79EFBC}") = "First WPF Application", "First WPF Application\First WPF Application.csproj", "{A9720FAB-74FF-4414-9D9A-083F4D75EEF3}"
EndProject
Project("{FAE04EC0-301F-11D3-BF4B-00C04F79EFBC}") = "WPF - Classes", "WPF - Classes\WPF - Classes.csproj", "{079B73A1-6059-4DA1-BC04-C682088EB77C}"
EndProject
Project("{FAE04EC0-301F-11D3-BF4B-00C04F79EFBC}") = "WPF - Classes 2", "WPF - Classes 2\WPF - Classes 2.csproj", "{29858577-DC5B-44FB-A8BD-0930DE81E063}"
EndProject
Project("{FAE04EC0-301F-11D3-BF4B-00C04F79EFBC}") = "JSON - Pokemon", "JSON - Pokemon\JSON - Pokemon.csproj", "{34E756EC-5B11-402F-83CD-C7D830651088}"
EndProject
Project("{FAE04EC0-301F-11D3-BF4B-00C04F79EFBC}") = "JSON - Chuck Norris Jokes", "JSON - Chuck Norris Jokes\JSON - Chuck Norris Jokes.csproj", "{74A889CE-9934-4F32-9876-5648C0605A46}"
EndProject
Project("{FAE04EC0-301F-11D3-BF4B-00C04F79EFBC}") = "Classes 3", "Classes 3\Classes 3.csproj", "{7757152E-A1FD-42F2-83E4-B6ACD837E7BB}"
EndProject
Project("{FAE04EC0-301F-11D3-BF4B-00C04F79EFBC}") = "MVC_Beginner", "MVC_Beginner\MVC_Beginner.csproj", "{9BB8DDE9-227E-4D1A-9281-C82CB02D0400}"
EndProject
Global
	GlobalSection(SolutionConfigurationPlatforms) = preSolution
		Debug|Any CPU = Debug|Any CPU
		Release|Any CPU = Release|Any CPU
	EndGlobalSection
	GlobalSection(ProjectConfigurationPlatforms) = postSolution
		{A9720FAB-74FF-4414-9D9A-083F4D75EEF3}.Debug|Any CPU.ActiveCfg = Debug|Any CPU
		{A9720FAB-74FF-4414-9D9A-083F4D75EEF3}.Debug|Any CPU.Build.0 = Debug|Any CPU
		{A9720FAB-74FF-4414-9D9A-083F4D75EEF3}.Release|Any CPU.ActiveCfg = Release|Any CPU
		{A9720FAB-74FF-4414-9D9A-083F4D75EEF3}.Release|Any CPU.Build.0 = Release|Any CPU
		{079B73A1-6059-4DA1-BC04-C682088EB77C}.Debug|Any CPU.ActiveCfg = Debug|Any CPU
		{079B73A1-6059-4DA1-BC04-C682088EB77C}.Debug|Any CPU.Build.0 = Debug|Any CPU
		{079B73A1-6059-4DA1-BC04-C682088EB77C}.Release|Any CPU.ActiveCfg = Release|Any CPU
		{079B73A1-6059-4DA1-BC04-C682088EB77C}.Release|Any CPU.Build.0 = Release|Any CPU
		{29858577-DC5B-44FB-A8BD-0930DE81E063}.Debug|Any CPU.ActiveCfg = Debug|Any CPU
		{29858577-DC5B-44FB-A8BD-0930DE81E063}.Debug|Any CPU.Build.0 = Debug|Any CPU
		{29858577-DC5B-44FB-A8BD-0930DE81E063}.Release|Any CPU.ActiveCfg = Release|Any CPU
		{29858577-DC5B-44FB-A8BD-0930DE81E063}.Release|Any CPU.Build.0 = Release|Any CPU
		{34E756EC-5B11-402F-83CD-C7D830651088}.Debug|Any CPU.ActiveCfg = Debug|Any CPU
		{34E756EC-5B11-402F-83CD-C7D830651088}.Debug|Any CPU.Build.0 = Debug|Any CPU
		{34E756EC-5B11-402F-83CD-C7D830651088}.Release|Any CPU.ActiveCfg = Release|Any CPU
		{34E756EC-5B11-402F-83CD-C7D830651088}.Release|Any CPU.Build.0 = Release|Any CPU
		{74A889CE-9934-4F32-9876-5648C0605A46}.Debug|Any CPU.ActiveCfg = Debug|Any CPU
		{74A889CE-9934-4F32-9876-5648C0605A46}.Debug|Any CPU.Build.0 = Debug|Any CPU
		{74A889CE-9934-4F32-9876-5648C0605A46}.Release|Any CPU.ActiveCfg = Release|Any CPU
		{74A889CE-9934-4F32-9876-5648C0605A46}.Release|Any CPU.Build.0 = Release|Any CPU
		{7757152E-A1FD-42F2-83E4-B6ACD837E7BB}.Debug|Any CPU.ActiveCfg = Debug|Any CPU
		{7757152E-A1FD-42F2-83E4-B6ACD837E7BB}.Debug|Any CPU.Build.0 = Debug|Any CPU
		{7757152E-A1FD-42F2-83E4-B6ACD837E7BB}.Release|Any CPU.ActiveCfg = Release|Any CPU
		{7757152E-A1FD-42F2-83E4-B6ACD837E7BB}.Release|Any CPU.Build.0 = Release|Any CPU
		{9BB8DDE9-227E-4D1A-9281-C82CB02D0400}.Debug|Any CPU.ActiveCfg = Debug|Any CPU
		{9BB8DDE9-227E-4D1A-9281-C82CB02D0400}.Debug|Any CPU.Build.0 = Debug|Any CPU
		{9BB8DDE9-227E-4D1A-9281-C82CB02D0400}.Release|Any CPU.ActiveCfg = Release|Any CPU
		{9BB8DDE9-227E-4D1A-9281-C82CB02D0400}.Release|Any CPU.Build.0 = Release|Any CPU
	EndGlobalSection
	GlobalSection(SolutionProperties) = preSolution
		HideSolutionNode = FALSE
	EndGlobalSection
	GlobalSection(ExtensibilityGlobals) = postSolution
		SolutionGuid = {EA70D472-F8C3-4BF0-BA7A-70F3220F44EB}
	EndGlobalSection
EndGlobal
