
Microsoft Visual Studio Solution File, Format Version 12.00
# Visual Studio Version 16
VisualStudioVersion = 16.0.29728.190
MinimumVisualStudioVersion = 10.0.40219.1
Project("{FAE04EC0-301F-11D3-BF4B-00C04F79EFBC}") = "First WPF Application", "First WPF Application\First WPF Application.csproj", "{A9720FAB-74FF-4414-9D9A-083F4D75EEF3}"
EndProject
Project("{FAE04EC0-301F-11D3-BF4B-00C04F79EFBC}") = "WPF - Classes", "WPF - Classes\WPF - Classes.csproj", "{079B73A1-6059-4DA1-BC04-C682088EB77C}"
EndProject
Project("{FAE04EC0-301F-11D3-BF4B-00C04F79EFBC}") = "WPF - Classes 2", "WPF - Classes 2\WPF - Classes 2.csproj", "{29858577-DC5B-44FB-A8BD-0930DE81E063}"
EndProject
Global
	GlobalSection(SolutionConfigurationPlatforms) = preSolution
		Debug|Any CPU = Debug|Any CPU
		Release|Any CPU = Release|Any CPU
	EndGlobalSection
	GlobalSection(ProjectConfigurationPlatforms) = postSolution
		{A9720FAB-74FF-4414-9D9A-083F4D75EEF3}.Debug|Any CPU.ActiveCfg = Debug|Any CPU
		{A9720FAB-74FF-4414-9D9A-083F4D75EEF3}.Debug|Any CPU.Build.0 = Debug|Any CPU
		{A9720FAB-74FF-4414-9D9A-083F4D75EEF3}.Release|Any CPU.ActiveCfg = Release|Any CPU
		{A9720FAB-74FF-4414-9D9A-083F4D75EEF3}.Release|Any CPU.Build.0 = Release|Any CPU
		{079B73A1-6059-4DA1-BC04-C682088EB77C}.Debug|Any CPU.ActiveCfg = Debug|Any CPU
		{079B73A1-6059-4DA1-BC04-C682088EB77C}.Debug|Any CPU.Build.0 = Debug|Any CPU
		{079B73A1-6059-4DA1-BC04-C682088EB77C}.Release|Any CPU.ActiveCfg = Release|Any CPU
		{079B73A1-6059-4DA1-BC04-C682088EB77C}.Release|Any CPU.Build.0 = Release|Any CPU
		{29858577-DC5B-44FB-A8BD-0930DE81E063}.Debug|Any CPU.ActiveCfg = Debug|Any CPU
		{29858577-DC5B-44FB-A8BD-0930DE81E063}.Debug|Any CPU.Build.0 = Debug|Any CPU
		{29858577-DC5B-44FB-A8BD-0930DE81E063}.Release|Any CPU.ActiveCfg = Release|Any CPU
		{29858577-DC5B-44FB-A8BD-0930DE81E063}.Release|Any CPU.Build.0 = Release|Any CPU
	EndGlobalSection
	GlobalSection(SolutionProperties) = preSolution
		HideSolutionNode = FALSE
	EndGlobalSection
	GlobalSection(ExtensibilityGlobals) = postSolution
		SolutionGuid = {EA70D472-F8C3-4BF0-BA7A-70F3220F44EB}
	EndGlobalSection
EndGlobal
